// !$*UTF8*$!
{
	archiveVersion = 1;
	classes = {
	};
	objectVersion = 50;
	objects = {

/* Begin PBXBuildFile section */
		861B50DE243094AA00262336 /* gamecontroller.cpp in Sources */ = {isa = PBXBuildFile; fileRef = 861B50DC243094AA00262336 /* gamecontroller.cpp */; };
		861E647C242AD81E00AA6FD7 /* main.cpp in Sources */ = {isa = PBXBuildFile; fileRef = 86A9AB932400AF50002AB0CF /* main.cpp */; };
		861E647D242AD81E00AA6FD7 /* coinstates.cpp in Sources */ = {isa = PBXBuildFile; fileRef = 8625C7D0242AA68F00558B55 /* coinstates.cpp */; };
		861E647E242AD81E00AA6FD7 /* record.cpp in Sources */ = {isa = PBXBuildFile; fileRef = 86980C12242758E7001C8481 /* record.cpp */; };
		861E647F242AD81E00AA6FD7 /* gamemodel.cpp in Sources */ = {isa = PBXBuildFile; fileRef = 86D9C9DC2421AA8A00FEB2B4 /* gamemodel.cpp */; };
		861E6480242AD81E00AA6FD7 /* gamecore.cpp in Sources */ = {isa = PBXBuildFile; fileRef = 869C4BD62401BDCD00C3DE84 /* gamecore.cpp */; };
		861E6481242AD81E00AA6FD7 /* coinset.cpp in Sources */ = {isa = PBXBuildFile; fileRef = 86A9AB9A2400B26D002AB0CF /* coinset.cpp */; };
		861E6482242AD81E00AA6FD7 /* computer.cpp in Sources */ = {isa = PBXBuildFile; fileRef = 86A9AB9D2400E0CF002AB0CF /* computer.cpp */; };
		861E6483242AD81E00AA6FD7 /* computerhard.cpp in Sources */ = {isa = PBXBuildFile; fileRef = 869C4BE02402EE0C00C3DE84 /* computerhard.cpp */; };
		861E6484242AD81E00AA6FD7 /* gameviewx11.cpp in Sources */ = {isa = PBXBuildFile; fileRef = 8607519C240F0EAE007A96E5 /* gameviewx11.cpp */; };
		861E6486242AD81E00AA6FD7 /* input.cpp in Sources */ = {isa = PBXBuildFile; fileRef = 869BBCD424241BDD0002CDED /* input.cpp */; };
		86C1C65724324806007E5B64 /* gamescreen.cpp in Sources */ = {isa = PBXBuildFile; fileRef = 86C1C65524324806007E5B64 /* gamescreen.cpp */; };
		86C1C65B243249E7007E5B64 /* gamesettings.cpp in Sources */ = {isa = PBXBuildFile; fileRef = 86C1C659243249E7007E5B64 /* gamesettings.cpp */; };
		86C1C65F24324A3D007E5B64 /* gamelevel.cpp in Sources */ = {isa = PBXBuildFile; fileRef = 86C1C65D24324A3D007E5B64 /* gamelevel.cpp */; };
		86C1C6632432D6A7007E5B64 /* history.cpp in Sources */ = {isa = PBXBuildFile; fileRef = 86C1C6612432D6A7007E5B64 /* history.cpp */; };
		86C1C66F2437A83F007E5B64 /* gameview.cpp in Sources */ = {isa = PBXBuildFile; fileRef = 86C1C66E2437A83F007E5B64 /* gameview.cpp */; };
		86E55A83242C390B00053F2E /* weighresult.hpp in Sources */ = {isa = PBXBuildFile; fileRef = 86E55A82242C390B00053F2E /* weighresult.hpp */; };
/* End PBXBuildFile section */

/* Begin PBXCopyFilesBuildPhase section */
		86A9AB8E2400AF50002AB0CF /* CopyFiles */ = {
			isa = PBXCopyFilesBuildPhase;
			buildActionMask = 2147483647;
			dstPath = /usr/share/man/man1/;
			dstSubfolderSpec = 0;
			files = (
			);
			runOnlyForDeploymentPostprocessing = 1;
		};
/* End PBXCopyFilesBuildPhase section */

/* Begin PBXFileReference section */
		8607519C240F0EAE007A96E5 /* gameviewx11.cpp */ = {isa = PBXFileReference; lastKnownFileType = sourcecode.cpp.cpp; path = gameviewx11.cpp; sourceTree = "<group>"; };
		8607519D240F0EAE007A96E5 /* gameviewx11.hpp */ = {isa = PBXFileReference; lastKnownFileType = sourcecode.cpp.h; path = gameviewx11.hpp; sourceTree = "<group>"; };
		860751A1240F2844007A96E5 /* gameview.hpp */ = {isa = PBXFileReference; lastKnownFileType = sourcecode.cpp.h; path = gameview.hpp; sourceTree = "<group>"; };
		861B50DC243094AA00262336 /* gamecontroller.cpp */ = {isa = PBXFileReference; lastKnownFileType = sourcecode.cpp.cpp; path = gamecontroller.cpp; sourceTree = "<group>"; };
		861B50DD243094AA00262336 /* gamecontroller.hpp */ = {isa = PBXFileReference; lastKnownFileType = sourcecode.cpp.h; path = gamecontroller.hpp; sourceTree = "<group>"; };
		8625C7D0242AA68F00558B55 /* coinstates.cpp */ = {isa = PBXFileReference; lastKnownFileType = sourcecode.cpp.cpp; path = coinstates.cpp; sourceTree = "<group>"; };
		8625C7D1242AA68F00558B55 /* coinstates.hpp */ = {isa = PBXFileReference; lastKnownFileType = sourcecode.cpp.h; path = coinstates.hpp; sourceTree = "<group>"; };
		866BE319241DE19D00DDD242 /* exception.hpp */ = {isa = PBXFileReference; lastKnownFileType = sourcecode.cpp.h; path = exception.hpp; sourceTree = "<group>"; };
		867EFB2424160820004C43A3 /* SDL2.framework */ = {isa = PBXFileReference; lastKnownFileType = wrapper.framework; name = SDL2.framework; path = "../../../Library/Developer/Xcode/DerivedData/SDL-cyidnwupktihwaebkqkofaryvuoh/Build/Products/Debug/SDL2.framework"; sourceTree = "<group>"; };
		867EFB2624160B46004C43A3 /* SDL2.framework */ = {isa = PBXFileReference; lastKnownFileType = wrapper.framework; name = SDL2.framework; path = ../../../../../Library/Frameworks/SDL2.framework; sourceTree = "<group>"; };
		86980C12242758E7001C8481 /* record.cpp */ = {isa = PBXFileReference; lastKnownFileType = sourcecode.cpp.cpp; path = record.cpp; sourceTree = "<group>"; };
		86980C13242758E7001C8481 /* record.hpp */ = {isa = PBXFileReference; lastKnownFileType = sourcecode.cpp.h; path = record.hpp; sourceTree = "<group>"; };
		869BBCD12424182D0002CDED /* input.hpp */ = {isa = PBXFileReference; lastKnownFileType = sourcecode.cpp.h; path = input.hpp; sourceTree = "<group>"; };
		869BBCD424241BDD0002CDED /* input.cpp */ = {isa = PBXFileReference; lastKnownFileType = sourcecode.cpp.cpp; path = input.cpp; sourceTree = "<group>"; };
		869C4BD62401BDCD00C3DE84 /* gamecore.cpp */ = {isa = PBXFileReference; lastKnownFileType = sourcecode.cpp.cpp; path = gamecore.cpp; sourceTree = "<group>"; };
		869C4BD72401BDCD00C3DE84 /* gamecore.hpp */ = {isa = PBXFileReference; lastKnownFileType = sourcecode.cpp.h; path = gamecore.hpp; sourceTree = "<group>"; };
		869C4BE02402EE0C00C3DE84 /* computerhard.cpp */ = {isa = PBXFileReference; lastKnownFileType = sourcecode.cpp.cpp; path = computerhard.cpp; sourceTree = "<group>"; };
		869C4BE12402EE0C00C3DE84 /* computerhard.hpp */ = {isa = PBXFileReference; lastKnownFileType = sourcecode.cpp.h; path = computerhard.hpp; sourceTree = "<group>"; };
		86A78CCD24457899000DF706 /* guessresult.hpp */ = {isa = PBXFileReference; lastKnownFileType = sourcecode.cpp.h; path = guessresult.hpp; sourceTree = "<group>"; };
		86A9AB902400AF50002AB0CF /* CoinWeight */ = {isa = PBXFileReference; explicitFileType = "compiled.mach-o.executable"; includeInIndex = 0; path = CoinWeight; sourceTree = BUILT_PRODUCTS_DIR; };
		86A9AB932400AF50002AB0CF /* main.cpp */ = {isa = PBXFileReference; lastKnownFileType = sourcecode.cpp.cpp; path = main.cpp; sourceTree = "<group>"; };
		86A9AB9A2400B26D002AB0CF /* coinset.cpp */ = {isa = PBXFileReference; lastKnownFileType = sourcecode.cpp.cpp; path = coinset.cpp; sourceTree = "<group>"; };
		86A9AB9B2400B26D002AB0CF /* coinset.hpp */ = {isa = PBXFileReference; lastKnownFileType = sourcecode.cpp.h; path = coinset.hpp; sourceTree = "<group>"; };
		86A9AB9D2400E0CF002AB0CF /* computer.cpp */ = {isa = PBXFileReference; lastKnownFileType = sourcecode.cpp.cpp; path = computer.cpp; sourceTree = "<group>"; };
		86A9AB9E2400E0CF002AB0CF /* computer.hpp */ = {isa = PBXFileReference; lastKnownFileType = sourcecode.cpp.h; path = computer.hpp; sourceTree = "<group>"; };
		86C1C65524324806007E5B64 /* gamescreen.cpp */ = {isa = PBXFileReference; lastKnownFileType = sourcecode.cpp.cpp; path = gamescreen.cpp; sourceTree = "<group>"; };
		86C1C65624324806007E5B64 /* gamescreen.hpp */ = {isa = PBXFileReference; lastKnownFileType = sourcecode.cpp.h; path = gamescreen.hpp; sourceTree = "<group>"; };
		86C1C659243249E7007E5B64 /* gamesettings.cpp */ = {isa = PBXFileReference; lastKnownFileType = sourcecode.cpp.cpp; path = gamesettings.cpp; sourceTree = "<group>"; };
		86C1C65A243249E7007E5B64 /* gamesettings.hpp */ = {isa = PBXFileReference; lastKnownFileType = sourcecode.cpp.h; path = gamesettings.hpp; sourceTree = "<group>"; };
		86C1C65D24324A3D007E5B64 /* gamelevel.cpp */ = {isa = PBXFileReference; lastKnownFileType = sourcecode.cpp.cpp; path = gamelevel.cpp; sourceTree = "<group>"; };
		86C1C65E24324A3D007E5B64 /* gamelevel.hpp */ = {isa = PBXFileReference; lastKnownFileType = sourcecode.cpp.h; path = gamelevel.hpp; sourceTree = "<group>"; };
		86C1C6612432D6A7007E5B64 /* history.cpp */ = {isa = PBXFileReference; lastKnownFileType = sourcecode.cpp.cpp; path = history.cpp; sourceTree = "<group>"; };
		86C1C6622432D6A7007E5B64 /* history.hpp */ = {isa = PBXFileReference; lastKnownFileType = sourcecode.cpp.h; path = history.hpp; sourceTree = "<group>"; };
		86C1C66E2437A83F007E5B64 /* gameview.cpp */ = {isa = PBXFileReference; lastKnownFileType = sourcecode.cpp.cpp; path = gameview.cpp; sourceTree = "<group>"; };
		86D9C9DC2421AA8A00FEB2B4 /* gamemodel.cpp */ = {isa = PBXFileReference; lastKnownFileType = sourcecode.cpp.cpp; path = gamemodel.cpp; sourceTree = "<group>"; };
		86D9C9DD2421AA8A00FEB2B4 /* gamemodel.hpp */ = {isa = PBXFileReference; lastKnownFileType = sourcecode.cpp.h; path = gamemodel.hpp; sourceTree = "<group>"; };
		86E55A82242C390B00053F2E /* weighresult.hpp */ = {isa = PBXFileReference; lastKnownFileType = sourcecode.cpp.h; path = weighresult.hpp; sourceTree = "<group>"; };
/* End PBXFileReference section */

/* Begin PBXFrameworksBuildPhase section */
		86A9AB8D2400AF50002AB0CF /* Frameworks */ = {
			isa = PBXFrameworksBuildPhase;
			buildActionMask = 2147483647;
			files = (
			);
			runOnlyForDeploymentPostprocessing = 0;
		};
/* End PBXFrameworksBuildPhase section */

/* Begin PBXGroup section */
		8607519F240F0EBE007A96E5 /* Game View */ = {
			isa = PBXGroup;
			children = (
				86C1C66E2437A83F007E5B64 /* gameview.cpp */,
				860751A1240F2844007A96E5 /* gameview.hpp */,
				86980C062425E101001C8481 /* X11 */,
			);
			name = "Game View";
			sourceTree = "<group>";
		};
		861B50DF243094B400262336 /* Game Controller */ = {
			isa = PBXGroup;
			children = (
				861B50DD243094AA00262336 /* gamecontroller.hpp */,
				861B50DC243094AA00262336 /* gamecontroller.cpp */,
			);
			name = "Game Controller";
			sourceTree = "<group>";
		};
		8625C7D3242AA69400558B55 /* Coin States */ = {
			isa = PBXGroup;
			children = (
				8625C7D0242AA68F00558B55 /* coinstates.cpp */,
				8625C7D1242AA68F00558B55 /* coinstates.hpp */,
			);
			name = "Coin States";
			sourceTree = "<group>";
		};
		866BE31B241DE1A800DDD242 /* Exceptions */ = {
			isa = PBXGroup;
			children = (
				866BE319241DE19D00DDD242 /* exception.hpp */,
			);
			name = Exceptions;
			sourceTree = "<group>";
		};
		866FC8302409F74D00B3740D /* Coin Set */ = {
			isa = PBXGroup;
			children = (
				86A9AB9A2400B26D002AB0CF /* coinset.cpp */,
				86A9AB9B2400B26D002AB0CF /* coinset.hpp */,
			);
			name = "Coin Set";
			sourceTree = "<group>";
		};
		866FC8312409F75A00B3740D /* Game Core */ = {
			isa = PBXGroup;
			children = (
				869C4BD62401BDCD00C3DE84 /* gamecore.cpp */,
				869C4BD72401BDCD00C3DE84 /* gamecore.hpp */,
				866FC8302409F74D00B3740D /* Coin Set */,
			);
			name = "Game Core";
			sourceTree = "<group>";
		};
		866FC832240A2A5900B3740D /* Computer Types */ = {
			isa = PBXGroup;
			children = (
				869C4BE02402EE0C00C3DE84 /* computerhard.cpp */,
				869C4BE12402EE0C00C3DE84 /* computerhard.hpp */,
			);
			name = "Computer Types";
			sourceTree = "<group>";
		};
		867EFB2324160820004C43A3 /* Frameworks */ = {
			isa = PBXGroup;
			children = (
				867EFB2624160B46004C43A3 /* SDL2.framework */,
				867EFB2424160820004C43A3 /* SDL2.framework */,
			);
			name = Frameworks;
			sourceTree = "<group>";
		};
		86980C062425E101001C8481 /* X11 */ = {
			isa = PBXGroup;
			children = (
				8607519C240F0EAE007A96E5 /* gameviewx11.cpp */,
				8607519D240F0EAE007A96E5 /* gameviewx11.hpp */,
			);
			name = X11;
			sourceTree = "<group>";
		};
		86980C15242758EF001C8481 /* Record */ = {
			isa = PBXGroup;
			children = (
				86980C12242758E7001C8481 /* record.cpp */,
				86980C13242758E7001C8481 /* record.hpp */,
			);
			name = Record;
			sourceTree = "<group>";
		};
		869BBCD624241CD90002CDED /* Input */ = {
			isa = PBXGroup;
			children = (
				869BBCD424241BDD0002CDED /* input.cpp */,
				869BBCD12424182D0002CDED /* input.hpp */,
			);
			name = Input;
			sourceTree = "<group>";
		};
		869C4BE424048E4700C3DE84 /* Computer */ = {
			isa = PBXGroup;
			children = (
				86A9AB9D2400E0CF002AB0CF /* computer.cpp */,
				86A9AB9E2400E0CF002AB0CF /* computer.hpp */,
				866FC832240A2A5900B3740D /* Computer Types */,
			);
			name = Computer;
			sourceTree = "<group>";
		};
		86A78CCF244578AE000DF706 /* Enums */ = {
			isa = PBXGroup;
			children = (
				86A78CCD24457899000DF706 /* guessresult.hpp */,
				86E55A82242C390B00053F2E /* weighresult.hpp */,
			);
			name = Enums;
			sourceTree = "<group>";
		};
		86A9AB872400AF50002AB0CF = {
			isa = PBXGroup;
			children = (
				86A9AB922400AF50002AB0CF /* CoinWeight */,
				86A9AB912400AF50002AB0CF /* Products */,
				867EFB2324160820004C43A3 /* Frameworks */,
			);
			sourceTree = "<group>";
		};
		86A9AB912400AF50002AB0CF /* Products */ = {
			isa = PBXGroup;
			children = (
				86A9AB902400AF50002AB0CF /* CoinWeight */,
			);
			name = Products;
			sourceTree = "<group>";
		};
		86A9AB922400AF50002AB0CF /* CoinWeight */ = {
			isa = PBXGroup;
			children = (
				86A9AB932400AF50002AB0CF /* main.cpp */,
				86A78CCF244578AE000DF706 /* Enums */,
				86980C15242758EF001C8481 /* Record */,
				86D9C9DF2421AA9300FEB2B4 /* Game Model */,
				861B50DF243094B400262336 /* Game Controller */,
				869BBCD624241CD90002CDED /* Input */,
				8607519F240F0EBE007A96E5 /* Game View */,
				866BE31B241DE1A800DDD242 /* Exceptions */,
			);
			path = CoinWeight;
			sourceTree = "<group>";
		};
		86C1C6582432480C007E5B64 /* Game Screen */ = {
			isa = PBXGroup;
			children = (
				86C1C65524324806007E5B64 /* gamescreen.cpp */,
				86C1C65624324806007E5B64 /* gamescreen.hpp */,
			);
			name = "Game Screen";
			sourceTree = "<group>";
		};
		86C1C65C243249EC007E5B64 /* Game Settings */ = {
			isa = PBXGroup;
			children = (
				86C1C659243249E7007E5B64 /* gamesettings.cpp */,
				86C1C65A243249E7007E5B64 /* gamesettings.hpp */,
			);
			name = "Game Settings";
			sourceTree = "<group>";
		};
		86C1C66024324A46007E5B64 /* Game Level */ = {
			isa = PBXGroup;
			children = (
				86C1C65D24324A3D007E5B64 /* gamelevel.cpp */,
				86C1C65E24324A3D007E5B64 /* gamelevel.hpp */,
			);
			name = "Game Level";
			sourceTree = "<group>";
		};
		86C1C6642432D6AC007E5B64 /* History */ = {
			isa = PBXGroup;
			children = (
				86C1C6612432D6A7007E5B64 /* history.cpp */,
				86C1C6622432D6A7007E5B64 /* history.hpp */,
			);
			name = History;
			sourceTree = "<group>";
		};
		86D9C9DF2421AA9300FEB2B4 /* Game Model */ = {
			isa = PBXGroup;
			children = (
				86D9C9DC2421AA8A00FEB2B4 /* gamemodel.cpp */,
				86D9C9DD2421AA8A00FEB2B4 /* gamemodel.hpp */,
				86C1C6582432480C007E5B64 /* Game Screen */,
				86C1C66024324A46007E5B64 /* Game Level */,
				86C1C65C243249EC007E5B64 /* Game Settings */,
				866FC8312409F75A00B3740D /* Game Core */,
				8625C7D3242AA69400558B55 /* Coin States */,
				869C4BE424048E4700C3DE84 /* Computer */,
				86C1C6642432D6AC007E5B64 /* History */,
			);
			name = "Game Model";
			sourceTree = "<group>";
		};
/* End PBXGroup section */

/* Begin PBXNativeTarget section */
		86A9AB8F2400AF50002AB0CF /* CoinWeight */ = {
			isa = PBXNativeTarget;
			buildConfigurationList = 86A9AB972400AF50002AB0CF /* Build configuration list for PBXNativeTarget "CoinWeight" */;
			buildPhases = (
				86A9AB8D2400AF50002AB0CF /* Frameworks */,
				86A9AB8E2400AF50002AB0CF /* CopyFiles */,
				861E647B242AD80C00AA6FD7 /* Sources */,
			);
			buildRules = (
			);
			dependencies = (
			);
			name = CoinWeight;
			productName = CoinWeight;
			productReference = 86A9AB902400AF50002AB0CF /* CoinWeight */;
			productType = "com.apple.product-type.tool";
		};
/* End PBXNativeTarget section */

/* Begin PBXProject section */
		86A9AB882400AF50002AB0CF /* Project object */ = {
			isa = PBXProject;
			attributes = {
				LastUpgradeCheck = 1130;
				ORGANIZATIONNAME = "-";
				TargetAttributes = {
					86A9AB8F2400AF50002AB0CF = {
						CreatedOnToolsVersion = 11.3.1;
					};
				};
			};
			buildConfigurationList = 86A9AB8B2400AF50002AB0CF /* Build configuration list for PBXProject "CoinWeight" */;
			compatibilityVersion = "Xcode 9.3";
			developmentRegion = en;
			hasScannedForEncodings = 0;
			knownRegions = (
				en,
				Base,
			);
			mainGroup = 86A9AB872400AF50002AB0CF;
			productRefGroup = 86A9AB912400AF50002AB0CF /* Products */;
			projectDirPath = "";
			projectRoot = "";
			targets = (
				86A9AB8F2400AF50002AB0CF /* CoinWeight */,
			);
		};
/* End PBXProject section */

/* Begin PBXSourcesBuildPhase section */
		861E647B242AD80C00AA6FD7 /* Sources */ = {
			isa = PBXSourcesBuildPhase;
			buildActionMask = 2147483647;
			files = (
				861E647C242AD81E00AA6FD7 /* main.cpp in Sources */,
				86E55A83242C390B00053F2E /* weighresult.hpp in Sources */,
				86C1C66F2437A83F007E5B64 /* gameview.cpp in Sources */,
				861E647D242AD81E00AA6FD7 /* coinstates.cpp in Sources */,
				86C1C65B243249E7007E5B64 /* gamesettings.cpp in Sources */,
				86C1C65F24324A3D007E5B64 /* gamelevel.cpp in Sources */,
				861E647E242AD81E00AA6FD7 /* record.cpp in Sources */,
				861B50DE243094AA00262336 /* gamecontroller.cpp in Sources */,
				861E647F242AD81E00AA6FD7 /* gamemodel.cpp in Sources */,
				861E6480242AD81E00AA6FD7 /* gamecore.cpp in Sources */,
				861E6481242AD81E00AA6FD7 /* coinset.cpp in Sources */,
				86C1C65724324806007E5B64 /* gamescreen.cpp in Sources */,
				86C1C6632432D6A7007E5B64 /* history.cpp in Sources */,
				861E6482242AD81E00AA6FD7 /* computer.cpp in Sources */,
				861E6483242AD81E00AA6FD7 /* computerhard.cpp in Sources */,
				861E6484242AD81E00AA6FD7 /* gameviewx11.cpp in Sources */,
				861E6486242AD81E00AA6FD7 /* input.cpp in Sources */,
			);
			runOnlyForDeploymentPostprocessing = 0;
		};
/* End PBXSourcesBuildPhase section */

/* Begin XCBuildConfiguration section */
		86A9AB952400AF50002AB0CF /* Debug */ = {
			isa = XCBuildConfiguration;
			buildSettings = {
				ALWAYS_SEARCH_USER_PATHS = NO;
				CLANG_ANALYZER_NONNULL = YES;
				CLANG_ANALYZER_NUMBER_OBJECT_CONVERSION = YES_AGGRESSIVE;
				CLANG_CXX_LANGUAGE_STANDARD = "gnu++14";
				CLANG_CXX_LIBRARY = "libc++";
				CLANG_ENABLE_MODULES = YES;
				CLANG_ENABLE_OBJC_ARC = YES;
				CLANG_ENABLE_OBJC_WEAK = YES;
				CLANG_WARN_BLOCK_CAPTURE_AUTORELEASING = YES;
				CLANG_WARN_BOOL_CONVERSION = YES;
				CLANG_WARN_COMMA = YES;
				CLANG_WARN_CONSTANT_CONVERSION = YES;
				CLANG_WARN_DEPRECATED_OBJC_IMPLEMENTATIONS = YES;
				CLANG_WARN_DIRECT_OBJC_ISA_USAGE = YES_ERROR;
				CLANG_WARN_DOCUMENTATION_COMMENTS = YES;
				CLANG_WARN_EMPTY_BODY = YES;
				CLANG_WARN_ENUM_CONVERSION = YES;
				CLANG_WARN_INFINITE_RECURSION = YES;
				CLANG_WARN_INT_CONVERSION = YES;
				CLANG_WARN_NON_LITERAL_NULL_CONVERSION = YES;
				CLANG_WARN_OBJC_IMPLICIT_RETAIN_SELF = YES;
				CLANG_WARN_OBJC_LITERAL_CONVERSION = YES;
				CLANG_WARN_OBJC_ROOT_CLASS = YES_ERROR;
				CLANG_WARN_RANGE_LOOP_ANALYSIS = YES;
				CLANG_WARN_STRICT_PROTOTYPES = YES;
				CLANG_WARN_SUSPICIOUS_MOVE = YES;
				CLANG_WARN_UNGUARDED_AVAILABILITY = YES_AGGRESSIVE;
				CLANG_WARN_UNREACHABLE_CODE = YES;
				CLANG_WARN__DUPLICATE_METHOD_MATCH = YES;
				COPY_PHASE_STRIP = NO;
				DEBUG_INFORMATION_FORMAT = dwarf;
				ENABLE_STRICT_OBJC_MSGSEND = YES;
				ENABLE_TESTABILITY = YES;
				GCC_C_LANGUAGE_STANDARD = gnu11;
				GCC_DYNAMIC_NO_PIC = NO;
				GCC_NO_COMMON_BLOCKS = YES;
				GCC_OPTIMIZATION_LEVEL = 0;
				GCC_PREPROCESSOR_DEFINITIONS = (
					"DEBUG=1",
					"$(inherited)",
				);
				GCC_WARN_64_TO_32_BIT_CONVERSION = YES;
				GCC_WARN_ABOUT_RETURN_TYPE = YES_ERROR;
				GCC_WARN_UNDECLARED_SELECTOR = YES;
				GCC_WARN_UNINITIALIZED_AUTOS = YES_AGGRESSIVE;
				GCC_WARN_UNUSED_FUNCTION = YES;
				GCC_WARN_UNUSED_VARIABLE = YES;
				MACOSX_DEPLOYMENT_TARGET = 10.15;
				MTL_ENABLE_DEBUG_INFO = INCLUDE_SOURCE;
				MTL_FAST_MATH = YES;
				ONLY_ACTIVE_ARCH = YES;
				SDKROOT = macosx;
			};
			name = Debug;
		};
		86A9AB962400AF50002AB0CF /* Release */ = {
			isa = XCBuildConfiguration;
			buildSettings = {
				ALWAYS_SEARCH_USER_PATHS = NO;
				CLANG_ANALYZER_NONNULL = YES;
				CLANG_ANALYZER_NUMBER_OBJECT_CONVERSION = YES_AGGRESSIVE;
				CLANG_CXX_LANGUAGE_STANDARD = "gnu++14";
				CLANG_CXX_LIBRARY = "libc++";
				CLANG_ENABLE_MODULES = YES;
				CLANG_ENABLE_OBJC_ARC = YES;
				CLANG_ENABLE_OBJC_WEAK = YES;
				CLANG_WARN_BLOCK_CAPTURE_AUTORELEASING = YES;
				CLANG_WARN_BOOL_CONVERSION = YES;
				CLANG_WARN_COMMA = YES;
				CLANG_WARN_CONSTANT_CONVERSION = YES;
				CLANG_WARN_DEPRECATED_OBJC_IMPLEMENTATIONS = YES;
				CLANG_WARN_DIRECT_OBJC_ISA_USAGE = YES_ERROR;
				CLANG_WARN_DOCUMENTATION_COMMENTS = YES;
				CLANG_WARN_EMPTY_BODY = YES;
				CLANG_WARN_ENUM_CONVERSION = YES;
				CLANG_WARN_INFINITE_RECURSION = YES;
				CLANG_WARN_INT_CONVERSION = YES;
				CLANG_WARN_NON_LITERAL_NULL_CONVERSION = YES;
				CLANG_WARN_OBJC_IMPLICIT_RETAIN_SELF = YES;
				CLANG_WARN_OBJC_LITERAL_CONVERSION = YES;
				CLANG_WARN_OBJC_ROOT_CLASS = YES_ERROR;
				CLANG_WARN_RANGE_LOOP_ANALYSIS = YES;
				CLANG_WARN_STRICT_PROTOTYPES = YES;
				CLANG_WARN_SUSPICIOUS_MOVE = YES;
				CLANG_WARN_UNGUARDED_AVAILABILITY = YES_AGGRESSIVE;
				CLANG_WARN_UNREACHABLE_CODE = YES;
				CLANG_WARN__DUPLICATE_METHOD_MATCH = YES;
				COPY_PHASE_STRIP = NO;
				DEBUG_INFORMATION_FORMAT = "dwarf-with-dsym";
				ENABLE_NS_ASSERTIONS = NO;
				ENABLE_STRICT_OBJC_MSGSEND = YES;
				GCC_C_LANGUAGE_STANDARD = gnu11;
				GCC_NO_COMMON_BLOCKS = YES;
				GCC_WARN_64_TO_32_BIT_CONVERSION = YES;
				GCC_WARN_ABOUT_RETURN_TYPE = YES_ERROR;
				GCC_WARN_UNDECLARED_SELECTOR = YES;
				GCC_WARN_UNINITIALIZED_AUTOS = YES_AGGRESSIVE;
				GCC_WARN_UNUSED_FUNCTION = YES;
				GCC_WARN_UNUSED_VARIABLE = YES;
				MACOSX_DEPLOYMENT_TARGET = 10.15;
				MTL_ENABLE_DEBUG_INFO = NO;
				MTL_FAST_MATH = YES;
				SDKROOT = macosx;
			};
			name = Release;
		};
		86A9AB982400AF50002AB0CF /* Debug */ = {
			isa = XCBuildConfiguration;
			buildSettings = {
				CODE_SIGN_STYLE = Automatic;
				FRAMEWORK_SEARCH_PATHS = (
					"$(inherited)",
					"$(LOCAL_LIBRARY_DIR)/Frameworks",
				);
				"HEADER_SEARCH_PATHS[arch=*]" = /opt/X11/include;
				"OTHER_LDFLAGS[arch=*]" = (
					"-I",
					/usr/include/X11,
					"-L",
					/usr/X11/lib,
					"-lX11",
				);
				PRODUCT_NAME = "$(TARGET_NAME)";
			};
			name = Debug;
		};
		86A9AB992400AF50002AB0CF /* Release */ = {
			isa = XCBuildConfiguration;
			buildSettings = {
				CODE_SIGN_STYLE = Automatic;
				FRAMEWORK_SEARCH_PATHS = (
					"$(inherited)",
					"$(LOCAL_LIBRARY_DIR)/Frameworks",
				);
				PRODUCT_NAME = "$(TARGET_NAME)";
			};
			name = Release;
		};
/* End XCBuildConfiguration section */

/* Begin XCConfigurationList section */
		86A9AB8B2400AF50002AB0CF /* Build configuration list for PBXProject "CoinWeight" */ = {
			isa = XCConfigurationList;
			buildConfigurations = (
				86A9AB952400AF50002AB0CF /* Debug */,
				86A9AB962400AF50002AB0CF /* Release */,
			);
			defaultConfigurationIsVisible = 0;
			defaultConfigurationName = Release;
		};
		86A9AB972400AF50002AB0CF /* Build configuration list for PBXNativeTarget "CoinWeight" */ = {
			isa = XCConfigurationList;
			buildConfigurations = (
				86A9AB982400AF50002AB0CF /* Debug */,
				86A9AB992400AF50002AB0CF /* Release */,
			);
			defaultConfigurationIsVisible = 0;
			defaultConfigurationName = Release;
		};
/* End XCConfigurationList section */
	};
	rootObject = 86A9AB882400AF50002AB0CF /* Project object */;
}
