// !$*UTF8*$!
{
	archiveVersion = 1;
	classes = {
	};
	objectVersion = 50;
	objects = {

/* Begin PBXBuildFile section */
		861E647C242AD81E00AA6FD7 /* main.cpp in Sources */ = {isa = PBXBuildFile; fileRef = 86A9AB932400AF50002AB0CF /* main.cpp */; };
		861E647D242AD81E00AA6FD7 /* coinselection.cpp in Sources */ = {isa = PBXBuildFile; fileRef = 8625C7D0242AA68F00558B55 /* coinselection.cpp */; };
		861E6480242AD81E00AA6FD7 /* gamecore.cpp in Sources */ = {isa = PBXBuildFile; fileRef = 869C4BD62401BDCD00C3DE84 /* gamecore.cpp */; };
		861E6481242AD81E00AA6FD7 /* coinset.cpp in Sources */ = {isa = PBXBuildFile; fileRef = 86A9AB9A2400B26D002AB0CF /* coinset.cpp */; };
		861E6482242AD81E00AA6FD7 /* computer.cpp in Sources */ = {isa = PBXBuildFile; fileRef = 86A9AB9D2400E0CF002AB0CF /* computer.cpp */; };
		861E6484242AD81E00AA6FD7 /* gameui_x11.cpp in Sources */ = {isa = PBXBuildFile; fileRef = 8607519C240F0EAE007A96E5 /* gameui_x11.cpp */; };
		861E6486242AD81E00AA6FD7 /* input.cpp in Sources */ = {isa = PBXBuildFile; fileRef = 869BBCD424241BDD0002CDED /* input.cpp */; };
		86219BD3244FF1BD005E4F93 /* titlescreen.cpp in Sources */ = {isa = PBXBuildFile; fileRef = 86219BD1244FF1BD005E4F93 /* titlescreen.cpp */; };
		86219BD7244FF7E4005E4F93 /* instructionscreen.cpp in Sources */ = {isa = PBXBuildFile; fileRef = 86219BD5244FF7E4005E4F93 /* instructionscreen.cpp */; };
		86219BDA244FFB07005E4F93 /* creditscreen.cpp in Sources */ = {isa = PBXBuildFile; fileRef = 86219BD8244FFB07005E4F93 /* creditscreen.cpp */; };
		86219BDD244FFDBA005E4F93 /* gamesettingsscreen.cpp in Sources */ = {isa = PBXBuildFile; fileRef = 86219BDB244FFDBA005E4F93 /* gamesettingsscreen.cpp */; };
		86219BE0244FFE42005E4F93 /* gameplayhumanscreen.cpp in Sources */ = {isa = PBXBuildFile; fileRef = 86219BDE244FFE42005E4F93 /* gameplayhumanscreen.cpp */; };
		86219BE324500FF9005E4F93 /* gameplaycomputerscreen.cpp in Sources */ = {isa = PBXBuildFile; fileRef = 86219BE124500FF9005E4F93 /* gameplaycomputerscreen.cpp */; };
		86219BE62450105A005E4F93 /* gameoverscreen.cpp in Sources */ = {isa = PBXBuildFile; fileRef = 86219BE42450105A005E4F93 /* gameoverscreen.cpp */; };
		8626C294246CD735003B99D4 /* weighcounter.cpp in Sources */ = {isa = PBXBuildFile; fileRef = 8626C293246CD735003B99D4 /* weighcounter.cpp */; };
		8626C297246CD780003B99D4 /* numofweighsmax.cpp in Sources */ = {isa = PBXBuildFile; fileRef = 8626C295246CD780003B99D4 /* numofweighsmax.cpp */; };
		8626C29B246DD6C7003B99D4 /* range.cpp in Sources */ = {isa = PBXBuildFile; fileRef = 8626C29A246DD6C7003B99D4 /* range.cpp */; };
		8626C29F246DD7CC003B99D4 /* playerfactory.cpp in Sources */ = {isa = PBXBuildFile; fileRef = 8626C29D246DD7CB003B99D4 /* playerfactory.cpp */; };
		8626C2A3246DD813003B99D4 /* computertest.cpp in Sources */ = {isa = PBXBuildFile; fileRef = 8626C2A1246DD813003B99D4 /* computertest.cpp */; };
		8626C2A7246DD890003B99D4 /* humanstd.cpp in Sources */ = {isa = PBXBuildFile; fileRef = 8626C2A6246DD88F003B99D4 /* humanstd.cpp */; };
		8626C2AB246E00E6003B99D4 /* gameview.cpp in Sources */ = {isa = PBXBuildFile; fileRef = 8626C2A9246E00E6003B99D4 /* gameview.cpp */; };
		8626C2B0246EE787003B99D4 /* screenfactory.cpp in Sources */ = {isa = PBXBuildFile; fileRef = 8626C2AE246EE786003B99D4 /* screenfactory.cpp */; };
		8626C2B4246F27AE003B99D4 /* tablenavigator.cpp in Sources */ = {isa = PBXBuildFile; fileRef = 8626C2B3246F27AE003B99D4 /* tablenavigator.cpp */; };
		864467BE245A743900442BD8 /* computereasy1.cpp in Sources */ = {isa = PBXBuildFile; fileRef = 864467BC245A743900442BD8 /* computereasy1.cpp */; };
		864467C1245AB0C100442BD8 /* computermedium1.cpp in Sources */ = {isa = PBXBuildFile; fileRef = 864467BF245AB0C100442BD8 /* computermedium1.cpp */; };
		865B163224579966005DE924 /* player.cpp in Sources */ = {isa = PBXBuildFile; fileRef = 865B163024579966005DE924 /* player.cpp */; };
		865B16392457BB18005DE924 /* computerfactory.cpp in Sources */ = {isa = PBXBuildFile; fileRef = 865B16382457BB18005DE924 /* computerfactory.cpp */; };
		86C1C65B243249E7007E5B64 /* gamesettings.cpp in Sources */ = {isa = PBXBuildFile; fileRef = 86C1C659243249E7007E5B64 /* gamesettings.cpp */; };
		86C1C6632432D6A7007E5B64 /* history.cpp in Sources */ = {isa = PBXBuildFile; fileRef = 86C1C6612432D6A7007E5B64 /* history.cpp */; };
		86E55A83242C390B00053F2E /* weighresult.hpp in Sources */ = {isa = PBXBuildFile; fileRef = 86E55A82242C390B00053F2E /* weighresult.hpp */; };
/* End PBXBuildFile section */

/* Begin PBXCopyFilesBuildPhase section */
		86A9AB8E2400AF50002AB0CF /* CopyFiles */ = {
			isa = PBXCopyFilesBuildPhase;
			buildActionMask = 2147483647;
			dstPath = /usr/share/man/man1/;
			dstSubfolderSpec = 0;
			files = (
			);
			runOnlyForDeploymentPostprocessing = 1;
		};
/* End PBXCopyFilesBuildPhase section */

/* Begin PBXFileReference section */
		8607519C240F0EAE007A96E5 /* gameui_x11.cpp */ = {isa = PBXFileReference; lastKnownFileType = sourcecode.cpp.cpp; path = gameui_x11.cpp; sourceTree = "<group>"; };
		8607519D240F0EAE007A96E5 /* gameui_x11.hpp */ = {isa = PBXFileReference; lastKnownFileType = sourcecode.cpp.h; path = gameui_x11.hpp; sourceTree = "<group>"; };
		860751A1240F2844007A96E5 /* gameui.hpp */ = {isa = PBXFileReference; lastKnownFileType = sourcecode.cpp.h; path = gameui.hpp; sourceTree = "<group>"; };
		86219BD1244FF1BD005E4F93 /* titlescreen.cpp */ = {isa = PBXFileReference; lastKnownFileType = sourcecode.cpp.cpp; path = titlescreen.cpp; sourceTree = "<group>"; };
		86219BD2244FF1BD005E4F93 /* titlescreen.hpp */ = {isa = PBXFileReference; lastKnownFileType = sourcecode.cpp.h; path = titlescreen.hpp; sourceTree = "<group>"; };
		86219BD5244FF7E4005E4F93 /* instructionscreen.cpp */ = {isa = PBXFileReference; lastKnownFileType = sourcecode.cpp.cpp; path = instructionscreen.cpp; sourceTree = "<group>"; };
		86219BD6244FF7E4005E4F93 /* instructionscreen.hpp */ = {isa = PBXFileReference; lastKnownFileType = sourcecode.cpp.h; path = instructionscreen.hpp; sourceTree = "<group>"; };
		86219BD8244FFB07005E4F93 /* creditscreen.cpp */ = {isa = PBXFileReference; lastKnownFileType = sourcecode.cpp.cpp; path = creditscreen.cpp; sourceTree = "<group>"; };
		86219BD9244FFB07005E4F93 /* creditscreen.hpp */ = {isa = PBXFileReference; lastKnownFileType = sourcecode.cpp.h; path = creditscreen.hpp; sourceTree = "<group>"; };
		86219BDB244FFDBA005E4F93 /* gamesettingsscreen.cpp */ = {isa = PBXFileReference; lastKnownFileType = sourcecode.cpp.cpp; path = gamesettingsscreen.cpp; sourceTree = "<group>"; };
		86219BDC244FFDBA005E4F93 /* gamesettingsscreen.hpp */ = {isa = PBXFileReference; lastKnownFileType = sourcecode.cpp.h; path = gamesettingsscreen.hpp; sourceTree = "<group>"; };
		86219BDE244FFE42005E4F93 /* gameplayhumanscreen.cpp */ = {isa = PBXFileReference; lastKnownFileType = sourcecode.cpp.cpp; path = gameplayhumanscreen.cpp; sourceTree = "<group>"; };
		86219BDF244FFE42005E4F93 /* gameplayhumanscreen.hpp */ = {isa = PBXFileReference; lastKnownFileType = sourcecode.cpp.h; path = gameplayhumanscreen.hpp; sourceTree = "<group>"; };
		86219BE124500FF9005E4F93 /* gameplaycomputerscreen.cpp */ = {isa = PBXFileReference; lastKnownFileType = sourcecode.cpp.cpp; path = gameplaycomputerscreen.cpp; sourceTree = "<group>"; };
		86219BE224500FF9005E4F93 /* gameplaycomputerscreen.hpp */ = {isa = PBXFileReference; lastKnownFileType = sourcecode.cpp.h; path = gameplaycomputerscreen.hpp; sourceTree = "<group>"; };
		86219BE42450105A005E4F93 /* gameoverscreen.cpp */ = {isa = PBXFileReference; lastKnownFileType = sourcecode.cpp.cpp; path = gameoverscreen.cpp; sourceTree = "<group>"; };
		86219BE52450105A005E4F93 /* gameoverscreen.hpp */ = {isa = PBXFileReference; lastKnownFileType = sourcecode.cpp.h; path = gameoverscreen.hpp; sourceTree = "<group>"; };
		8625C7D0242AA68F00558B55 /* coinselection.cpp */ = {isa = PBXFileReference; lastKnownFileType = sourcecode.cpp.cpp; path = coinselection.cpp; sourceTree = "<group>"; };
		8625C7D1242AA68F00558B55 /* coinselection.hpp */ = {isa = PBXFileReference; lastKnownFileType = sourcecode.cpp.h; path = coinselection.hpp; sourceTree = "<group>"; };
		8626C292246CD735003B99D4 /* weighcounter.hpp */ = {isa = PBXFileReference; fileEncoding = 4; lastKnownFileType = sourcecode.cpp.h; path = weighcounter.hpp; sourceTree = "<group>"; };
		8626C293246CD735003B99D4 /* weighcounter.cpp */ = {isa = PBXFileReference; fileEncoding = 4; lastKnownFileType = sourcecode.cpp.cpp; path = weighcounter.cpp; sourceTree = "<group>"; };
		8626C295246CD780003B99D4 /* numofweighsmax.cpp */ = {isa = PBXFileReference; fileEncoding = 4; lastKnownFileType = sourcecode.cpp.cpp; path = numofweighsmax.cpp; sourceTree = "<group>"; };
		8626C296246CD780003B99D4 /* numofweighsmax.hpp */ = {isa = PBXFileReference; fileEncoding = 4; lastKnownFileType = sourcecode.cpp.h; path = numofweighsmax.hpp; sourceTree = "<group>"; };
		8626C299246DD6C7003B99D4 /* range.hpp */ = {isa = PBXFileReference; lastKnownFileType = sourcecode.cpp.h; name = range.hpp; path = /Users/mortarsanjaya/Documents/GitHub/CoinWeight/CoinWeight/range.hpp; sourceTree = "<absolute>"; };
		8626C29A246DD6C7003B99D4 /* range.cpp */ = {isa = PBXFileReference; lastKnownFileType = sourcecode.cpp.cpp; name = range.cpp; path = /Users/mortarsanjaya/Documents/GitHub/CoinWeight/CoinWeight/range.cpp; sourceTree = "<absolute>"; };
		8626C29D246DD7CB003B99D4 /* playerfactory.cpp */ = {isa = PBXFileReference; fileEncoding = 4; lastKnownFileType = sourcecode.cpp.cpp; path = playerfactory.cpp; sourceTree = "<group>"; };
		8626C29E246DD7CC003B99D4 /* playerfactory.hpp */ = {isa = PBXFileReference; fileEncoding = 4; lastKnownFileType = sourcecode.cpp.h; path = playerfactory.hpp; sourceTree = "<group>"; };
		8626C2A1246DD813003B99D4 /* computertest.cpp */ = {isa = PBXFileReference; fileEncoding = 4; lastKnownFileType = sourcecode.cpp.cpp; path = computertest.cpp; sourceTree = "<group>"; };
		8626C2A2246DD813003B99D4 /* computertest.hpp */ = {isa = PBXFileReference; fileEncoding = 4; lastKnownFileType = sourcecode.cpp.h; path = computertest.hpp; sourceTree = "<group>"; };
		8626C2A5246DD88F003B99D4 /* humanstd.hpp */ = {isa = PBXFileReference; fileEncoding = 4; lastKnownFileType = sourcecode.cpp.h; path = humanstd.hpp; sourceTree = "<group>"; };
		8626C2A6246DD88F003B99D4 /* humanstd.cpp */ = {isa = PBXFileReference; fileEncoding = 4; lastKnownFileType = sourcecode.cpp.cpp; path = humanstd.cpp; sourceTree = "<group>"; };
		8626C2A9246E00E6003B99D4 /* gameview.cpp */ = {isa = PBXFileReference; lastKnownFileType = sourcecode.cpp.cpp; path = gameview.cpp; sourceTree = "<group>"; };
		8626C2AA246E00E6003B99D4 /* gameview.hpp */ = {isa = PBXFileReference; lastKnownFileType = sourcecode.cpp.h; path = gameview.hpp; sourceTree = "<group>"; };
		8626C2AE246EE786003B99D4 /* screenfactory.cpp */ = {isa = PBXFileReference; lastKnownFileType = sourcecode.cpp.cpp; path = screenfactory.cpp; sourceTree = "<group>"; };
		8626C2AF246EE787003B99D4 /* screenfactory.hpp */ = {isa = PBXFileReference; lastKnownFileType = sourcecode.cpp.h; path = screenfactory.hpp; sourceTree = "<group>"; };
		8626C2B2246F27AE003B99D4 /* tablenavigator.hpp */ = {isa = PBXFileReference; fileEncoding = 4; lastKnownFileType = sourcecode.cpp.h; path = tablenavigator.hpp; sourceTree = "<group>"; };
		8626C2B3246F27AE003B99D4 /* tablenavigator.cpp */ = {isa = PBXFileReference; fileEncoding = 4; lastKnownFileType = sourcecode.cpp.cpp; path = tablenavigator.cpp; sourceTree = "<group>"; };
		8626C2B7246F387C003B99D4 /* coingroup.hpp */ = {isa = PBXFileReference; lastKnownFileType = sourcecode.cpp.h; path = coingroup.hpp; sourceTree = "<group>"; };
		864467BC245A743900442BD8 /* computereasy1.cpp */ = {isa = PBXFileReference; lastKnownFileType = sourcecode.cpp.cpp; path = computereasy1.cpp; sourceTree = "<group>"; };
		864467BD245A743900442BD8 /* computereasy1.hpp */ = {isa = PBXFileReference; lastKnownFileType = sourcecode.cpp.h; path = computereasy1.hpp; sourceTree = "<group>"; };
		864467BF245AB0C100442BD8 /* computermedium1.cpp */ = {isa = PBXFileReference; lastKnownFileType = sourcecode.cpp.cpp; path = computermedium1.cpp; sourceTree = "<group>"; };
		864467C0245AB0C100442BD8 /* computermedium1.hpp */ = {isa = PBXFileReference; lastKnownFileType = sourcecode.cpp.h; path = computermedium1.hpp; sourceTree = "<group>"; };
		865B163024579966005DE924 /* player.cpp */ = {isa = PBXFileReference; lastKnownFileType = sourcecode.cpp.cpp; name = player.cpp; path = CoinWeight/player.cpp; sourceTree = SOURCE_ROOT; };
		865B163124579966005DE924 /* player.hpp */ = {isa = PBXFileReference; lastKnownFileType = sourcecode.cpp.h; name = player.hpp; path = CoinWeight/player.hpp; sourceTree = SOURCE_ROOT; };
		865B16352457AFCF005DE924 /* computerfactory.hpp */ = {isa = PBXFileReference; lastKnownFileType = sourcecode.cpp.h; path = computerfactory.hpp; sourceTree = "<group>"; };
		865B16382457BB18005DE924 /* computerfactory.cpp */ = {isa = PBXFileReference; lastKnownFileType = sourcecode.cpp.cpp; path = computerfactory.cpp; sourceTree = "<group>"; };
		866BE319241DE19D00DDD242 /* exception.hpp */ = {isa = PBXFileReference; lastKnownFileType = sourcecode.cpp.h; path = exception.hpp; sourceTree = "<group>"; };
		869BBCD12424182D0002CDED /* input.hpp */ = {isa = PBXFileReference; lastKnownFileType = sourcecode.cpp.h; path = input.hpp; sourceTree = "<group>"; };
		869BBCD424241BDD0002CDED /* input.cpp */ = {isa = PBXFileReference; lastKnownFileType = sourcecode.cpp.cpp; path = input.cpp; sourceTree = "<group>"; };
		869C4BD62401BDCD00C3DE84 /* gamecore.cpp */ = {isa = PBXFileReference; lastKnownFileType = sourcecode.cpp.cpp; path = gamecore.cpp; sourceTree = "<group>"; };
		869C4BD72401BDCD00C3DE84 /* gamecore.hpp */ = {isa = PBXFileReference; lastKnownFileType = sourcecode.cpp.h; path = gamecore.hpp; sourceTree = "<group>"; };
		86A78CCD24457899000DF706 /* guessresult.hpp */ = {isa = PBXFileReference; lastKnownFileType = sourcecode.cpp.h; path = guessresult.hpp; sourceTree = "<group>"; };
		86A9AB902400AF50002AB0CF /* CoinWeight */ = {isa = PBXFileReference; explicitFileType = "compiled.mach-o.executable"; includeInIndex = 0; path = CoinWeight; sourceTree = BUILT_PRODUCTS_DIR; };
		86A9AB932400AF50002AB0CF /* main.cpp */ = {isa = PBXFileReference; lastKnownFileType = sourcecode.cpp.cpp; path = main.cpp; sourceTree = "<group>"; };
		86A9AB9A2400B26D002AB0CF /* coinset.cpp */ = {isa = PBXFileReference; lastKnownFileType = sourcecode.cpp.cpp; path = coinset.cpp; sourceTree = "<group>"; };
		86A9AB9B2400B26D002AB0CF /* coinset.hpp */ = {isa = PBXFileReference; lastKnownFileType = sourcecode.cpp.h; path = coinset.hpp; sourceTree = "<group>"; };
		86A9AB9D2400E0CF002AB0CF /* computer.cpp */ = {isa = PBXFileReference; lastKnownFileType = sourcecode.cpp.cpp; path = computer.cpp; sourceTree = "<group>"; };
		86A9AB9E2400E0CF002AB0CF /* computer.hpp */ = {isa = PBXFileReference; lastKnownFileType = sourcecode.cpp.h; path = computer.hpp; sourceTree = "<group>"; };
		86C1C65624324806007E5B64 /* gamescreen.hpp */ = {isa = PBXFileReference; lastKnownFileType = sourcecode.cpp.h; path = gamescreen.hpp; sourceTree = "<group>"; };
		86C1C659243249E7007E5B64 /* gamesettings.cpp */ = {isa = PBXFileReference; lastKnownFileType = sourcecode.cpp.cpp; path = gamesettings.cpp; sourceTree = "<group>"; };
		86C1C65A243249E7007E5B64 /* gamesettings.hpp */ = {isa = PBXFileReference; lastKnownFileType = sourcecode.cpp.h; path = gamesettings.hpp; sourceTree = "<group>"; };
		86C1C65E24324A3D007E5B64 /* gamelevel.hpp */ = {isa = PBXFileReference; lastKnownFileType = sourcecode.cpp.h; path = gamelevel.hpp; sourceTree = "<group>"; };
		86C1C6612432D6A7007E5B64 /* history.cpp */ = {isa = PBXFileReference; lastKnownFileType = sourcecode.cpp.cpp; path = history.cpp; sourceTree = "<group>"; };
		86C1C6622432D6A7007E5B64 /* history.hpp */ = {isa = PBXFileReference; lastKnownFileType = sourcecode.cpp.h; path = history.hpp; sourceTree = "<group>"; };
		86E55A82242C390B00053F2E /* weighresult.hpp */ = {isa = PBXFileReference; lastKnownFileType = sourcecode.cpp.h; path = weighresult.hpp; sourceTree = "<group>"; };
/* End PBXFileReference section */

/* Begin PBXFrameworksBuildPhase section */
		86A9AB8D2400AF50002AB0CF /* Frameworks */ = {
			isa = PBXFrameworksBuildPhase;
			buildActionMask = 2147483647;
			files = (
			);
			runOnlyForDeploymentPostprocessing = 0;
		};
/* End PBXFrameworksBuildPhase section */

/* Begin PBXGroup section */
		8607519F240F0EBE007A96E5 /* Game View */ = {
			isa = PBXGroup;
			children = (
				8626C2A9246E00E6003B99D4 /* gameview.cpp */,
				8626C2AA246E00E6003B99D4 /* gameview.hpp */,
				86C1C6582432480C007E5B64 /* Game Screen */,
				8626C2AC246E00F1003B99D4 /* UI */,
			);
			name = "Game View";
			sourceTree = "<group>";
		};
		86219BE92450D5F0005E4F93 /* Title */ = {
			isa = PBXGroup;
			children = (
				86219BD1244FF1BD005E4F93 /* titlescreen.cpp */,
				86219BD2244FF1BD005E4F93 /* titlescreen.hpp */,
			);
			name = Title;
			path = ScreenPages;
			sourceTree = "<group>";
		};
		86219BEA2450D5F8005E4F93 /* Instruction */ = {
			isa = PBXGroup;
			children = (
				86219BD5244FF7E4005E4F93 /* instructionscreen.cpp */,
				86219BD6244FF7E4005E4F93 /* instructionscreen.hpp */,
			);
			name = Instruction;
			path = ScreenPages;
			sourceTree = "<group>";
		};
		86219BEB2450D5FD005E4F93 /* Credit */ = {
			isa = PBXGroup;
			children = (
				86219BD8244FFB07005E4F93 /* creditscreen.cpp */,
				86219BD9244FFB07005E4F93 /* creditscreen.hpp */,
			);
			name = Credit;
			path = ScreenPages;
			sourceTree = "<group>";
		};
		86219BEC2450D602005E4F93 /* Game Settings */ = {
			isa = PBXGroup;
			children = (
				86219BDB244FFDBA005E4F93 /* gamesettingsscreen.cpp */,
				86219BDC244FFDBA005E4F93 /* gamesettingsscreen.hpp */,
			);
			name = "Game Settings";
			path = ScreenPages;
			sourceTree = "<group>";
		};
		86219BED2450D609005E4F93 /* Game Play Human */ = {
			isa = PBXGroup;
			children = (
				86219BDE244FFE42005E4F93 /* gameplayhumanscreen.cpp */,
				86219BDF244FFE42005E4F93 /* gameplayhumanscreen.hpp */,
			);
			name = "Game Play Human";
			path = ScreenPages;
			sourceTree = "<group>";
		};
		86219BEE2450D60F005E4F93 /* Game Play Computer */ = {
			isa = PBXGroup;
			children = (
				86219BE124500FF9005E4F93 /* gameplaycomputerscreen.cpp */,
				86219BE224500FF9005E4F93 /* gameplaycomputerscreen.hpp */,
			);
			name = "Game Play Computer";
			path = ScreenPages;
			sourceTree = "<group>";
		};
		86219BEF2450D617005E4F93 /* Game Over */ = {
			isa = PBXGroup;
			children = (
				86219BE42450105A005E4F93 /* gameoverscreen.cpp */,
				86219BE52450105A005E4F93 /* gameoverscreen.hpp */,
			);
			name = "Game Over";
			path = ScreenPages;
			sourceTree = "<group>";
		};
		86219BF02450D8EE005E4F93 /* Game Settings */ = {
			isa = PBXGroup;
			children = (
				86C1C659243249E7007E5B64 /* gamesettings.cpp */,
				86C1C65A243249E7007E5B64 /* gamesettings.hpp */,
			);
			name = "Game Settings";
			path = ScreenPages;
			sourceTree = "<group>";
		};
		8625C7D3242AA69400558B55 /* Coin Selection */ = {
			isa = PBXGroup;
			children = (
				8625C7D0242AA68F00558B55 /* coinselection.cpp */,
				8625C7D1242AA68F00558B55 /* coinselection.hpp */,
			);
			name = "Coin Selection";
			sourceTree = "<group>";
		};
		8626C298246DD6A7003B99D4 /* Weigh Counter */ = {
			isa = PBXGroup;
			children = (
				8626C293246CD735003B99D4 /* weighcounter.cpp */,
				8626C292246CD735003B99D4 /* weighcounter.hpp */,
			);
			name = "Weigh Counter";
			sourceTree = "<group>";
		};
		8626C29C246DD6CA003B99D4 /* Range */ = {
			isa = PBXGroup;
			children = (
				8626C29A246DD6C7003B99D4 /* range.cpp */,
				8626C299246DD6C7003B99D4 /* range.hpp */,
			);
			name = Range;
			sourceTree = "<group>";
		};
		8626C2A0246DD7E6003B99D4 /* Player Factory */ = {
			isa = PBXGroup;
			children = (
				8626C29D246DD7CB003B99D4 /* playerfactory.cpp */,
				8626C29E246DD7CC003B99D4 /* playerfactory.hpp */,
			);
			name = "Player Factory";
			sourceTree = "<group>";
		};
		8626C2A4246DD81E003B99D4 /* Computer Testing */ = {
			isa = PBXGroup;
			children = (
				8626C2A1246DD813003B99D4 /* computertest.cpp */,
				8626C2A2246DD813003B99D4 /* computertest.hpp */,
			);
			name = "Computer Testing";
			sourceTree = "<group>";
		};
		8626C2A8246DD896003B99D4 /* Human Standard Mode */ = {
			isa = PBXGroup;
			children = (
				8626C2A6246DD88F003B99D4 /* humanstd.cpp */,
				8626C2A5246DD88F003B99D4 /* humanstd.hpp */,
			);
			name = "Human Standard Mode";
			sourceTree = "<group>";
		};
		8626C2AC246E00F1003B99D4 /* UI */ = {
			isa = PBXGroup;
			children = (
				860751A1240F2844007A96E5 /* gameui.hpp */,
				86980C062425E101001C8481 /* X11 UI */,
			);
			name = UI;
			sourceTree = "<group>";
		};
		8626C2AD246E4EC1003B99D4 /* Screen Types */ = {
			isa = PBXGroup;
			children = (
				86219BE92450D5F0005E4F93 /* Title */,
				86219BEA2450D5F8005E4F93 /* Instruction */,
				86219BEB2450D5FD005E4F93 /* Credit */,
				86219BEC2450D602005E4F93 /* Game Settings */,
				86219BED2450D609005E4F93 /* Game Play Human */,
				86219BEE2450D60F005E4F93 /* Game Play Computer */,
				86219BEF2450D617005E4F93 /* Game Over */,
			);
			name = "Screen Types";
			sourceTree = "<group>";
		};
		8626C2B1246EE78E003B99D4 /* Screen Factory */ = {
			isa = PBXGroup;
			children = (
				8626C2AE246EE786003B99D4 /* screenfactory.cpp */,
				8626C2AF246EE787003B99D4 /* screenfactory.hpp */,
			);
			name = "Screen Factory";
			sourceTree = "<group>";
		};
		8626C2B6246F28A3003B99D4 /* Table Navigator */ = {
			isa = PBXGroup;
			children = (
				8626C2B3246F27AE003B99D4 /* tablenavigator.cpp */,
				8626C2B2246F27AE003B99D4 /* tablenavigator.hpp */,
			);
			name = "Table Navigator";
			sourceTree = "<group>";
		};
		864467C2245BF6A000442BD8 /* Easy Level */ = {
			isa = PBXGroup;
			children = (
				864467BC245A743900442BD8 /* computereasy1.cpp */,
				864467BD245A743900442BD8 /* computereasy1.hpp */,
			);
			name = "Easy Level";
			sourceTree = "<group>";
		};
		864467C3245BF6A700442BD8 /* Medium Level */ = {
			isa = PBXGroup;
			children = (
				864467BF245AB0C100442BD8 /* computermedium1.cpp */,
				864467C0245AB0C100442BD8 /* computermedium1.hpp */,
			);
			name = "Medium Level";
			sourceTree = "<group>";
		};
		864467C4245BF6AD00442BD8 /* Hard Level */ = {
			isa = PBXGroup;
			children = (
			);
			name = "Hard Level";
			sourceTree = "<group>";
		};
		865B16332457996C005DE924 /* Player */ = {
			isa = PBXGroup;
			children = (
				865B163024579966005DE924 /* player.cpp */,
				865B163124579966005DE924 /* player.hpp */,
				8626C2A8246DD896003B99D4 /* Human Standard Mode */,
				8626C2A0246DD7E6003B99D4 /* Player Factory */,
				8626C29C246DD6CA003B99D4 /* Range */,
				8625C7D3242AA69400558B55 /* Coin Selection */,
				869C4BE424048E4700C3DE84 /* Computer */,
				86C1C6642432D6AC007E5B64 /* History */,
			);
			name = Player;
			sourceTree = "<group>";
		};
		865B16372457AFD6005DE924 /* Computer Factory */ = {
			isa = PBXGroup;
			children = (
				865B16382457BB18005DE924 /* computerfactory.cpp */,
				865B16352457AFCF005DE924 /* computerfactory.hpp */,
			);
			name = "Computer Factory";
			sourceTree = "<group>";
		};
		866BE31B241DE1A800DDD242 /* Exceptions */ = {
			isa = PBXGroup;
			children = (
				866BE319241DE19D00DDD242 /* exception.hpp */,
			);
			name = Exceptions;
			sourceTree = "<group>";
		};
		866FC8302409F74D00B3740D /* Coin Set */ = {
			isa = PBXGroup;
			children = (
				86A9AB9A2400B26D002AB0CF /* coinset.cpp */,
				86A9AB9B2400B26D002AB0CF /* coinset.hpp */,
			);
			name = "Coin Set";
			sourceTree = "<group>";
		};
		866FC8312409F75A00B3740D /* Game Core */ = {
			isa = PBXGroup;
			children = (
				869C4BD62401BDCD00C3DE84 /* gamecore.cpp */,
				869C4BD72401BDCD00C3DE84 /* gamecore.hpp */,
				8626C295246CD780003B99D4 /* numofweighsmax.cpp */,
				8626C296246CD780003B99D4 /* numofweighsmax.hpp */,
			);
			name = "Game Core";
			sourceTree = "<group>";
		};
		866FC832240A2A5900B3740D /* Computer Types */ = {
			isa = PBXGroup;
			children = (
				864467C2245BF6A000442BD8 /* Easy Level */,
				864467C3245BF6A700442BD8 /* Medium Level */,
				864467C4245BF6AD00442BD8 /* Hard Level */,
			);
			name = "Computer Types";
			sourceTree = "<group>";
		};
		867EFB2324160820004C43A3 /* Frameworks */ = {
			isa = PBXGroup;
			children = (
			);
			name = Frameworks;
			sourceTree = "<group>";
		};
		86980C062425E101001C8481 /* X11 UI */ = {
			isa = PBXGroup;
			children = (
				8607519C240F0EAE007A96E5 /* gameui_x11.cpp */,
				8607519D240F0EAE007A96E5 /* gameui_x11.hpp */,
			);
			name = "X11 UI";
			sourceTree = "<group>";
		};
		869BBCD624241CD90002CDED /* Input */ = {
			isa = PBXGroup;
			children = (
				869BBCD424241BDD0002CDED /* input.cpp */,
				869BBCD12424182D0002CDED /* input.hpp */,
			);
			name = Input;
			sourceTree = "<group>";
		};
		869C4BE424048E4700C3DE84 /* Computer */ = {
			isa = PBXGroup;
			children = (
				86A9AB9D2400E0CF002AB0CF /* computer.cpp */,
				86A9AB9E2400E0CF002AB0CF /* computer.hpp */,
				8626C2A4246DD81E003B99D4 /* Computer Testing */,
				865B16372457AFD6005DE924 /* Computer Factory */,
				866FC832240A2A5900B3740D /* Computer Types */,
			);
			name = Computer;
			sourceTree = "<group>";
		};
		86A78CCF244578AE000DF706 /* Enums */ = {
			isa = PBXGroup;
			children = (
				86C1C65E24324A3D007E5B64 /* gamelevel.hpp */,
				86A78CCD24457899000DF706 /* guessresult.hpp */,
				86E55A82242C390B00053F2E /* weighresult.hpp */,
				8626C2B7246F387C003B99D4 /* coingroup.hpp */,
			);
			name = Enums;
			sourceTree = "<group>";
		};
		86A9AB872400AF50002AB0CF = {
			isa = PBXGroup;
			children = (
				86A9AB922400AF50002AB0CF /* CoinWeight */,
				86A9AB912400AF50002AB0CF /* Products */,
				867EFB2324160820004C43A3 /* Frameworks */,
			);
			sourceTree = "<group>";
		};
		86A9AB912400AF50002AB0CF /* Products */ = {
			isa = PBXGroup;
			children = (
				86A9AB902400AF50002AB0CF /* CoinWeight */,
			);
			name = Products;
			sourceTree = "<group>";
		};
		86A9AB922400AF50002AB0CF /* CoinWeight */ = {
			isa = PBXGroup;
			children = (
				86A9AB932400AF50002AB0CF /* main.cpp */,
				86A78CCF244578AE000DF706 /* Enums */,
				86219BF02450D8EE005E4F93 /* Game Settings */,
				865B16332457996C005DE924 /* Player */,
				866FC8302409F74D00B3740D /* Coin Set */,
				8626C298246DD6A7003B99D4 /* Weigh Counter */,
				866FC8312409F75A00B3740D /* Game Core */,
				869BBCD624241CD90002CDED /* Input */,
				8607519F240F0EBE007A96E5 /* Game View */,
				866BE31B241DE1A800DDD242 /* Exceptions */,
			);
			path = CoinWeight;
			sourceTree = "<group>";
		};
		86C1C6582432480C007E5B64 /* Game Screen */ = {
			isa = PBXGroup;
			children = (
				86C1C65624324806007E5B64 /* gamescreen.hpp */,
				8626C2AD246E4EC1003B99D4 /* Screen Types */,
				8626C2B1246EE78E003B99D4 /* Screen Factory */,
				8626C2B6246F28A3003B99D4 /* Table Navigator */,
			);
			name = "Game Screen";
			sourceTree = "<group>";
		};
		86C1C6642432D6AC007E5B64 /* History */ = {
			isa = PBXGroup;
			children = (
				86C1C6612432D6A7007E5B64 /* history.cpp */,
				86C1C6622432D6A7007E5B64 /* history.hpp */,
			);
			name = History;
			sourceTree = "<group>";
		};
/* End PBXGroup section */

/* Begin PBXNativeTarget section */
		86A9AB8F2400AF50002AB0CF /* CoinWeight */ = {
			isa = PBXNativeTarget;
			buildConfigurationList = 86A9AB972400AF50002AB0CF /* Build configuration list for PBXNativeTarget "CoinWeight" */;
			buildPhases = (
				86A9AB8D2400AF50002AB0CF /* Frameworks */,
				86A9AB8E2400AF50002AB0CF /* CopyFiles */,
				861E647B242AD80C00AA6FD7 /* Sources */,
			);
			buildRules = (
			);
			dependencies = (
			);
			name = CoinWeight;
			productName = CoinWeight;
			productReference = 86A9AB902400AF50002AB0CF /* CoinWeight */;
			productType = "com.apple.product-type.tool";
		};
/* End PBXNativeTarget section */

/* Begin PBXProject section */
		86A9AB882400AF50002AB0CF /* Project object */ = {
			isa = PBXProject;
			attributes = {
				LastUpgradeCheck = 1130;
				ORGANIZATIONNAME = "-";
				TargetAttributes = {
					86A9AB8F2400AF50002AB0CF = {
						CreatedOnToolsVersion = 11.3.1;
					};
				};
			};
			buildConfigurationList = 86A9AB8B2400AF50002AB0CF /* Build configuration list for PBXProject "CoinWeight" */;
			compatibilityVersion = "Xcode 9.3";
			developmentRegion = en;
			hasScannedForEncodings = 0;
			knownRegions = (
				en,
				Base,
			);
			mainGroup = 86A9AB872400AF50002AB0CF;
			productRefGroup = 86A9AB912400AF50002AB0CF /* Products */;
			projectDirPath = "";
			projectRoot = "";
			targets = (
				86A9AB8F2400AF50002AB0CF /* CoinWeight */,
			);
		};
/* End PBXProject section */

/* Begin PBXSourcesBuildPhase section */
		861E647B242AD80C00AA6FD7 /* Sources */ = {
			isa = PBXSourcesBuildPhase;
			buildActionMask = 2147483647;
			files = (
				861E647C242AD81E00AA6FD7 /* main.cpp in Sources */,
				8626C2A7246DD890003B99D4 /* humanstd.cpp in Sources */,
				86E55A83242C390B00053F2E /* weighresult.hpp in Sources */,
				86219BE324500FF9005E4F93 /* gameplaycomputerscreen.cpp in Sources */,
				8626C2B4246F27AE003B99D4 /* tablenavigator.cpp in Sources */,
				864467BE245A743900442BD8 /* computereasy1.cpp in Sources */,
				864467C1245AB0C100442BD8 /* computermedium1.cpp in Sources */,
				861E647D242AD81E00AA6FD7 /* coinselection.cpp in Sources */,
				86219BDA244FFB07005E4F93 /* creditscreen.cpp in Sources */,
				86C1C65B243249E7007E5B64 /* gamesettings.cpp in Sources */,
				86219BD3244FF1BD005E4F93 /* titlescreen.cpp in Sources */,
				865B163224579966005DE924 /* player.cpp in Sources */,
				8626C29F246DD7CC003B99D4 /* playerfactory.cpp in Sources */,
				8626C29B246DD6C7003B99D4 /* range.cpp in Sources */,
				86219BD7244FF7E4005E4F93 /* instructionscreen.cpp in Sources */,
				86219BE62450105A005E4F93 /* gameoverscreen.cpp in Sources */,
				8626C2AB246E00E6003B99D4 /* gameview.cpp in Sources */,
				861E6480242AD81E00AA6FD7 /* gamecore.cpp in Sources */,
				861E6481242AD81E00AA6FD7 /* coinset.cpp in Sources */,
				8626C2A3246DD813003B99D4 /* computertest.cpp in Sources */,
				8626C297246CD780003B99D4 /* numofweighsmax.cpp in Sources */,
				86C1C6632432D6A7007E5B64 /* history.cpp in Sources */,
				861E6482242AD81E00AA6FD7 /* computer.cpp in Sources */,
				86219BDD244FFDBA005E4F93 /* gamesettingsscreen.cpp in Sources */,
				8626C2B0246EE787003B99D4 /* screenfactory.cpp in Sources */,
				8626C294246CD735003B99D4 /* weighcounter.cpp in Sources */,
				865B16392457BB18005DE924 /* computerfactory.cpp in Sources */,
				861E6484242AD81E00AA6FD7 /* gameui_x11.cpp in Sources */,
				861E6486242AD81E00AA6FD7 /* input.cpp in Sources */,
				86219BE0244FFE42005E4F93 /* gameplayhumanscreen.cpp in Sources */,
			);
			runOnlyForDeploymentPostprocessing = 0;
		};
/* End PBXSourcesBuildPhase section */

/* Begin XCBuildConfiguration section */
		86A9AB952400AF50002AB0CF /* Debug */ = {
			isa = XCBuildConfiguration;
			buildSettings = {
				ALWAYS_SEARCH_USER_PATHS = NO;
				CLANG_ANALYZER_NONNULL = YES;
				CLANG_ANALYZER_NUMBER_OBJECT_CONVERSION = YES_AGGRESSIVE;
				CLANG_CXX_LANGUAGE_STANDARD = "gnu++14";
				CLANG_CXX_LIBRARY = "libc++";
				CLANG_ENABLE_MODULES = YES;
				CLANG_ENABLE_OBJC_ARC = YES;
				CLANG_ENABLE_OBJC_WEAK = YES;
				CLANG_WARN_BLOCK_CAPTURE_AUTORELEASING = YES;
				CLANG_WARN_BOOL_CONVERSION = YES;
				CLANG_WARN_COMMA = YES;
				CLANG_WARN_CONSTANT_CONVERSION = YES;
				CLANG_WARN_DEPRECATED_OBJC_IMPLEMENTATIONS = YES;
				CLANG_WARN_DIRECT_OBJC_ISA_USAGE = YES_ERROR;
				CLANG_WARN_DOCUMENTATION_COMMENTS = YES;
				CLANG_WARN_EMPTY_BODY = YES;
				CLANG_WARN_ENUM_CONVERSION = YES;
				CLANG_WARN_INFINITE_RECURSION = YES;
				CLANG_WARN_INT_CONVERSION = YES;
				CLANG_WARN_NON_LITERAL_NULL_CONVERSION = YES;
				CLANG_WARN_OBJC_IMPLICIT_RETAIN_SELF = YES;
				CLANG_WARN_OBJC_LITERAL_CONVERSION = YES;
				CLANG_WARN_OBJC_ROOT_CLASS = YES_ERROR;
				CLANG_WARN_RANGE_LOOP_ANALYSIS = YES;
				CLANG_WARN_STRICT_PROTOTYPES = YES;
				CLANG_WARN_SUSPICIOUS_MOVE = YES;
				CLANG_WARN_UNGUARDED_AVAILABILITY = YES_AGGRESSIVE;
				CLANG_WARN_UNREACHABLE_CODE = YES;
				CLANG_WARN__DUPLICATE_METHOD_MATCH = YES;
				COPY_PHASE_STRIP = NO;
				DEBUG_INFORMATION_FORMAT = dwarf;
				ENABLE_STRICT_OBJC_MSGSEND = YES;
				ENABLE_TESTABILITY = YES;
				GCC_C_LANGUAGE_STANDARD = gnu11;
				GCC_DYNAMIC_NO_PIC = NO;
				GCC_NO_COMMON_BLOCKS = YES;
				GCC_OPTIMIZATION_LEVEL = 0;
				GCC_PREPROCESSOR_DEFINITIONS = (
					"DEBUG=1",
					"$(inherited)",
				);
				GCC_WARN_64_TO_32_BIT_CONVERSION = YES;
				GCC_WARN_ABOUT_RETURN_TYPE = YES_ERROR;
				GCC_WARN_UNDECLARED_SELECTOR = YES;
				GCC_WARN_UNINITIALIZED_AUTOS = YES_AGGRESSIVE;
				GCC_WARN_UNUSED_FUNCTION = YES;
				GCC_WARN_UNUSED_VARIABLE = YES;
				MACOSX_DEPLOYMENT_TARGET = 10.15;
				MTL_ENABLE_DEBUG_INFO = INCLUDE_SOURCE;
				MTL_FAST_MATH = YES;
				ONLY_ACTIVE_ARCH = YES;
				SDKROOT = macosx;
			};
			name = Debug;
		};
		86A9AB962400AF50002AB0CF /* Release */ = {
			isa = XCBuildConfiguration;
			buildSettings = {
				ALWAYS_SEARCH_USER_PATHS = NO;
				CLANG_ANALYZER_NONNULL = YES;
				CLANG_ANALYZER_NUMBER_OBJECT_CONVERSION = YES_AGGRESSIVE;
				CLANG_CXX_LANGUAGE_STANDARD = "gnu++14";
				CLANG_CXX_LIBRARY = "libc++";
				CLANG_ENABLE_MODULES = YES;
				CLANG_ENABLE_OBJC_ARC = YES;
				CLANG_ENABLE_OBJC_WEAK = YES;
				CLANG_WARN_BLOCK_CAPTURE_AUTORELEASING = YES;
				CLANG_WARN_BOOL_CONVERSION = YES;
				CLANG_WARN_COMMA = YES;
				CLANG_WARN_CONSTANT_CONVERSION = YES;
				CLANG_WARN_DEPRECATED_OBJC_IMPLEMENTATIONS = YES;
				CLANG_WARN_DIRECT_OBJC_ISA_USAGE = YES_ERROR;
				CLANG_WARN_DOCUMENTATION_COMMENTS = YES;
				CLANG_WARN_EMPTY_BODY = YES;
				CLANG_WARN_ENUM_CONVERSION = YES;
				CLANG_WARN_INFINITE_RECURSION = YES;
				CLANG_WARN_INT_CONVERSION = YES;
				CLANG_WARN_NON_LITERAL_NULL_CONVERSION = YES;
				CLANG_WARN_OBJC_IMPLICIT_RETAIN_SELF = YES;
				CLANG_WARN_OBJC_LITERAL_CONVERSION = YES;
				CLANG_WARN_OBJC_ROOT_CLASS = YES_ERROR;
				CLANG_WARN_RANGE_LOOP_ANALYSIS = YES;
				CLANG_WARN_STRICT_PROTOTYPES = YES;
				CLANG_WARN_SUSPICIOUS_MOVE = YES;
				CLANG_WARN_UNGUARDED_AVAILABILITY = YES_AGGRESSIVE;
				CLANG_WARN_UNREACHABLE_CODE = YES;
				CLANG_WARN__DUPLICATE_METHOD_MATCH = YES;
				COPY_PHASE_STRIP = NO;
				DEBUG_INFORMATION_FORMAT = "dwarf-with-dsym";
				ENABLE_NS_ASSERTIONS = NO;
				ENABLE_STRICT_OBJC_MSGSEND = YES;
				GCC_C_LANGUAGE_STANDARD = gnu11;
				GCC_NO_COMMON_BLOCKS = YES;
				GCC_WARN_64_TO_32_BIT_CONVERSION = YES;
				GCC_WARN_ABOUT_RETURN_TYPE = YES_ERROR;
				GCC_WARN_UNDECLARED_SELECTOR = YES;
				GCC_WARN_UNINITIALIZED_AUTOS = YES_AGGRESSIVE;
				GCC_WARN_UNUSED_FUNCTION = YES;
				GCC_WARN_UNUSED_VARIABLE = YES;
				MACOSX_DEPLOYMENT_TARGET = 10.15;
				MTL_ENABLE_DEBUG_INFO = NO;
				MTL_FAST_MATH = YES;
				SDKROOT = macosx;
			};
			name = Release;
		};
		86A9AB982400AF50002AB0CF /* Debug */ = {
			isa = XCBuildConfiguration;
			buildSettings = {
				CODE_SIGN_STYLE = Automatic;
				FRAMEWORK_SEARCH_PATHS = (
					"$(inherited)",
					"$(LOCAL_LIBRARY_DIR)/Frameworks",
				);
				"HEADER_SEARCH_PATHS[arch=*]" = /opt/X11/include;
				"OTHER_LDFLAGS[arch=*]" = (
					"-I",
					/usr/include/X11,
					"-L",
					/usr/X11/lib,
					"-lX11",
				);
				PRODUCT_NAME = "$(TARGET_NAME)";
			};
			name = Debug;
		};
		86A9AB992400AF50002AB0CF /* Release */ = {
			isa = XCBuildConfiguration;
			buildSettings = {
				CODE_SIGN_STYLE = Automatic;
				FRAMEWORK_SEARCH_PATHS = (
					"$(inherited)",
					"$(LOCAL_LIBRARY_DIR)/Frameworks",
				);
				PRODUCT_NAME = "$(TARGET_NAME)";
			};
			name = Release;
		};
/* End XCBuildConfiguration section */

/* Begin XCConfigurationList section */
		86A9AB8B2400AF50002AB0CF /* Build configuration list for PBXProject "CoinWeight" */ = {
			isa = XCConfigurationList;
			buildConfigurations = (
				86A9AB952400AF50002AB0CF /* Debug */,
				86A9AB962400AF50002AB0CF /* Release */,
			);
			defaultConfigurationIsVisible = 0;
			defaultConfigurationName = Release;
		};
		86A9AB972400AF50002AB0CF /* Build configuration list for PBXNativeTarget "CoinWeight" */ = {
			isa = XCConfigurationList;
			buildConfigurations = (
				86A9AB982400AF50002AB0CF /* Debug */,
				86A9AB992400AF50002AB0CF /* Release */,
			);
			defaultConfigurationIsVisible = 0;
			defaultConfigurationName = Release;
		};
/* End XCConfigurationList section */
	};
	rootObject = 86A9AB882400AF50002AB0CF /* Project object */;
}
